%{"acceptor_pool": {:hex, :acceptor_pool, "1.0.0-rc.0", "679d741df87fc13599b1aef2df8f78f1f880449a6befab7c44fb6fae0e92a2de", [], [], "hexpm"},
  "certifi": {:git, "https://github.com/certifi/erlang-certifi", "aad712ca0251ffed5d56c54c432aca04536bd18f", [tag: "2.0.0"]},
  "distillery": {:hex, :distillery, "0.10.1", "14fccade4b8ab849b99e21c4bdfaa1092dbacdce8afd33f5c369c6e114385b0e", [], [], "hexpm"},
  "ex_aws": {:git, "https://github.com/ex-aws/ex_aws", "628102d6cf47387f84bd9b0803e9019048aa4391", []},
  "gen_flow": {:hex, :gen_flow, "0.0.4", "e5f401967b2ee073ea4635ac8e98cc68139115473b036cc7220bb62ae4a78f2c", [], [], "hexpm"},
  "gen_stage": {:hex, :gen_stage, "0.8.0", "a76e3f0530f86fae8b8a1021c06527b1ec171cf4c0bdfecd8d5ad0376d1205af", [], [], "hexpm"},
  "goldrush": {:hex, :goldrush, "0.1.9", "f06e5d5f1277da5c413e84d5a2924174182fb108dabb39d5ec548b27424cd106", [], [], "hexpm"},
  "hackney": {:git, "https://github.com/benoitc/hackney", "3134e06d8ba4b75ac83976e2fcc74a0478040963", []},
  "http_server": {:git, "https://github.com/jschoch/elixir_http_server", "6c679ffc7314e3b3e2812c0e3d350a58841a8399", []},
  "idna": {:git, "https://github.com/benoitc/erlang-idna", "b452d8fe4c15be8146f5ca15d4f0c08720a98be4", [tag: "5.1.0"]},
  "lager": {:hex, :lager, "3.5.2", "614a8c8f67bf99b69eb264ea22121ad25511c055aaec09b086773d5108c6767f", [], [{:goldrush, "0.1.9", [hex: :goldrush, repo: "hexpm", optional: false]}], "hexpm"},
  "lasp": {:git, "https://github.com/lasp-lang/lasp", "a0e6ad1d94d00bdf17238bbcb32f2d6bd85c2e10", []},
  "lasp_support": {:hex, :lasp_support, "0.0.3", "c1b7e1a472037ae82c71d2d16a10b7d644a621b66ae5afe834cecf170f2e9169", [], [{:lager, "~>3.5", [hex: :lager, repo: "hexpm", optional: false]}, {:time_compat, "~>0.0.1", [hex: :time_compat, repo: "hexpm", optional: false]}], "hexpm"},
  "metrics": {:git, "https://github.com/benoitc/erlang-metrics", "c6eb4dcf29f9e907539915e2ab996f40c2ec7e8e", [tag: "1.0.1"]},
  "mimerl": {:git, "https://github.com/benoitc/mimerl", "678aba028a690da6822c87410d475841c048b6bf", [tag: "1.0.2"]},
  "partisan": {:hex, :partisan, "1.2.0", "460de0cb05694c5ac2bd56e1f8f46b639d68f74d5c8afa5d617a7f3ccfe28e75", [], [{:acceptor_pool, "~>1.0.0-rc.0", [hex: :acceptor_pool, repo: "hexpm", optional: false]}, {:lager, "~> 3.5", [hex: :lager, repo: "hexpm", optional: false]}, {:types, "~> 0.1", [hex: :types, repo: "hexpm", optional: false]}], "hexpm"},
  "plumtree": {:hex, :plumtree, "0.4.0", "14e9e28c81fa03f1bdc544ea27bd1969e66ed106725a5042daa40c5f7b246dbf", [], [{:lager, "~>3.5", [hex: :lager, repo: "hexpm", optional: false]}, {:lasp_support, "~>0.0", [hex: :lasp_support, repo: "hexpm", optional: false]}, {:partisan, "~>1.0", [hex: :partisan, repo: "hexpm", optional: false]}, {:rand_compat, "~>0.0.3", [hex: :rand_compat, repo: "hexpm", optional: false]}, {:time_compat, "~>0.0.1", [hex: :time_compat, repo: "hexpm", optional: false]}], "hexpm"},
  "poison": {:hex, :poison, "2.2.0", "4763b69a8a77bd77d26f477d196428b741261a761257ff1cf92753a0d4d24a63", [], [], "hexpm"},
  "rand_compat": {:hex, :rand_compat, "0.0.3", "011646bc1f0b0c432fe101b816f25b9bbb74a085713cee1dafd2d62e9415ead3", [], [], "hexpm"},
  "ssl_verify_fun": {:git, "https://github.com/deadtrickster/ssl_verify_fun.erl", "33406f6decdcb9f03cf1e69e34728a288af156a0", [tag: "1.1.1"]},
  "time_compat": {:hex, :time_compat, "0.0.1", "23fe0ad1fdf3b5b88821b2d04b4b5e865bf587ae66056d671fe0f53514ed8139", [], [], "hexpm"},
  "types": {:hex, :types, "0.1.7", "7542cee48e664521bcf0311eec3b433e70d80dcdf34dc18d8f0d39921afe6831", [], [], "hexpm"},
  "unicode_util_compat": {:hex, :unicode_util_compat, "0.3.1", "a1f612a7b512638634a603c8f401892afbf99b8ce93a45041f8aaca99cadb85e", [], [], "hexpm"}}
